
Microsoft Visual Studio Solution File, Format Version 12.00
# Visual Studio Version 17
VisualStudioVersion = 17.12.35506.116 d17.12
MinimumVisualStudioVersion = 10.0.40219.1
Project("{FAE04EC0-301F-11D3-BF4B-00C04F79EFBC}") = "WormsAndHoles", "WormsAndHoles\WormsAndHoles.csproj", "{69EA0652-E044-4BD9-913E-5284BF9305E3}"
EndProject
Project("{FAE04EC0-301F-11D3-BF4B-00C04F79EFBC}") = "TheGambler", "TheGambler\TheGambler.csproj", "{6EAF8A0D-2C08-4300-BF3F-A15A04F882C8}"
EndProject
Project("{FAE04EC0-301F-11D3-BF4B-00C04F79EFBC}") = "GroceriesManagement", "GroceriesManagement\GroceriesManagement.csproj", "{9B5ACD45-E53A-4752-9E06-FE5BB83360FF}"
EndProject
Global
	GlobalSection(SolutionConfigurationPlatforms) = preSolution
		Debug|Any CPU = Debug|Any CPU
		Release|Any CPU = Release|Any CPU
	EndGlobalSection
	GlobalSection(ProjectConfigurationPlatforms) = postSolution
		{69EA0652-E044-4BD9-913E-5284BF9305E3}.Debug|Any CPU.ActiveCfg = Debug|Any CPU
		{69EA0652-E044-4BD9-913E-5284BF9305E3}.Debug|Any CPU.Build.0 = Debug|Any CPU
		{69EA0652-E044-4BD9-913E-5284BF9305E3}.Release|Any CPU.ActiveCfg = Release|Any CPU
		{69EA0652-E044-4BD9-913E-5284BF9305E3}.Release|Any CPU.Build.0 = Release|Any CPU
		{6EAF8A0D-2C08-4300-BF3F-A15A04F882C8}.Debug|Any CPU.ActiveCfg = Debug|Any CPU
		{6EAF8A0D-2C08-4300-BF3F-A15A04F882C8}.Debug|Any CPU.Build.0 = Debug|Any CPU
		{6EAF8A0D-2C08-4300-BF3F-A15A04F882C8}.Release|Any CPU.ActiveCfg = Release|Any CPU
		{6EAF8A0D-2C08-4300-BF3F-A15A04F882C8}.Release|Any CPU.Build.0 = Release|Any CPU
		{9B5ACD45-E53A-4752-9E06-FE5BB83360FF}.Debug|Any CPU.ActiveCfg = Debug|Any CPU
		{9B5ACD45-E53A-4752-9E06-FE5BB83360FF}.Debug|Any CPU.Build.0 = Debug|Any CPU
		{9B5ACD45-E53A-4752-9E06-FE5BB83360FF}.Release|Any CPU.ActiveCfg = Release|Any CPU
		{9B5ACD45-E53A-4752-9E06-FE5BB83360FF}.Release|Any CPU.Build.0 = Release|Any CPU
	EndGlobalSection
	GlobalSection(SolutionProperties) = preSolution
		HideSolutionNode = FALSE
	EndGlobalSection
EndGlobal
