
Microsoft Visual Studio Solution File, Format Version 12.00
# Visual Studio Version 17
VisualStudioVersion = 17.12.35506.116 d17.12
MinimumVisualStudioVersion = 10.0.40219.1
Project("{FAE04EC0-301F-11D3-BF4B-00C04F79EFBC}") = "FootballManager", "FootballManager\FootballManager.csproj", "{054BE469-DE86-4F0A-9CBC-E4D7238FAFFE}"
EndProject
Project("{FAE04EC0-301F-11D3-BF4B-00C04F79EFBC}") = "Championship", "Championship\Championship.csproj", "{028B89A3-6251-4B51-A780-517A1FCB42E2}"
EndProject
Project("{FAE04EC0-301F-11D3-BF4B-00C04F79EFBC}") = "Championship.Tests", "Championship.Tests\Championship.Tests.csproj", "{96D0E236-35C7-44A7-A148-2E8E2E23FE98}"
EndProject
Global
	GlobalSection(SolutionConfigurationPlatforms) = preSolution
		Debug|Any CPU = Debug|Any CPU
		Release|Any CPU = Release|Any CPU
	EndGlobalSection
	GlobalSection(ProjectConfigurationPlatforms) = postSolution
		{054BE469-DE86-4F0A-9CBC-E4D7238FAFFE}.Debug|Any CPU.ActiveCfg = Debug|Any CPU
		{054BE469-DE86-4F0A-9CBC-E4D7238FAFFE}.Debug|Any CPU.Build.0 = Debug|Any CPU
		{054BE469-DE86-4F0A-9CBC-E4D7238FAFFE}.Release|Any CPU.ActiveCfg = Release|Any CPU
		{054BE469-DE86-4F0A-9CBC-E4D7238FAFFE}.Release|Any CPU.Build.0 = Release|Any CPU
		{028B89A3-6251-4B51-A780-517A1FCB42E2}.Debug|Any CPU.ActiveCfg = Debug|Any CPU
		{028B89A3-6251-4B51-A780-517A1FCB42E2}.Debug|Any CPU.Build.0 = Debug|Any CPU
		{028B89A3-6251-4B51-A780-517A1FCB42E2}.Release|Any CPU.ActiveCfg = Release|Any CPU
		{028B89A3-6251-4B51-A780-517A1FCB42E2}.Release|Any CPU.Build.0 = Release|Any CPU
		{96D0E236-35C7-44A7-A148-2E8E2E23FE98}.Debug|Any CPU.ActiveCfg = Debug|Any CPU
		{96D0E236-35C7-44A7-A148-2E8E2E23FE98}.Debug|Any CPU.Build.0 = Debug|Any CPU
		{96D0E236-35C7-44A7-A148-2E8E2E23FE98}.Release|Any CPU.ActiveCfg = Release|Any CPU
		{96D0E236-35C7-44A7-A148-2E8E2E23FE98}.Release|Any CPU.Build.0 = Release|Any CPU
	EndGlobalSection
	GlobalSection(SolutionProperties) = preSolution
		HideSolutionNode = FALSE
	EndGlobalSection
EndGlobal
