
Microsoft Visual Studio Solution File, Format Version 12.00
# Visual Studio Version 17
VisualStudioVersion = 17.10.35122.118
MinimumVisualStudioVersion = 10.0.40219.1
Project("{FAE04EC0-301F-11D3-BF4B-00C04F79EFBC}") = "01. Company Roster", "01. Company Roster\01. Company Roster.csproj", "{15F27103-159E-4E6D-8932-E9FA7DABC690}"
EndProject
Project("{FAE04EC0-301F-11D3-BF4B-00C04F79EFBC}") = "02. Oldest Family Member", "02. Oldest Family Member\02. Oldest Family Member.csproj", "{7989D921-F827-4BA8-98DE-510EFD6E1BB4}"
EndProject
Project("{FAE04EC0-301F-11D3-BF4B-00C04F79EFBC}") = "03. Speed Racing", "03. Speed Racing\03. Speed Racing.csproj", "{5333BF84-48C2-49E9-8AA7-6524B5A1305F}"
EndProject
Project("{FAE04EC0-301F-11D3-BF4B-00C04F79EFBC}") = "04. Raw Data", "04. Raw Data\04. Raw Data.csproj", "{2A55AF89-A799-45E8-9936-16C585334C28}"
EndProject
Project("{FAE04EC0-301F-11D3-BF4B-00C04F79EFBC}") = "05. Shopping Spree", "05. Shopping Spree\05. Shopping Spree.csproj", "{FDC09018-93CF-4D34-9EF3-E1D917D00593}"
EndProject
Global
	GlobalSection(SolutionConfigurationPlatforms) = preSolution
		Debug|Any CPU = Debug|Any CPU
		Release|Any CPU = Release|Any CPU
	EndGlobalSection
	GlobalSection(ProjectConfigurationPlatforms) = postSolution
		{15F27103-159E-4E6D-8932-E9FA7DABC690}.Debug|Any CPU.ActiveCfg = Debug|Any CPU
		{15F27103-159E-4E6D-8932-E9FA7DABC690}.Debug|Any CPU.Build.0 = Debug|Any CPU
		{15F27103-159E-4E6D-8932-E9FA7DABC690}.Release|Any CPU.ActiveCfg = Release|Any CPU
		{15F27103-159E-4E6D-8932-E9FA7DABC690}.Release|Any CPU.Build.0 = Release|Any CPU
		{7989D921-F827-4BA8-98DE-510EFD6E1BB4}.Debug|Any CPU.ActiveCfg = Debug|Any CPU
		{7989D921-F827-4BA8-98DE-510EFD6E1BB4}.Debug|Any CPU.Build.0 = Debug|Any CPU
		{7989D921-F827-4BA8-98DE-510EFD6E1BB4}.Release|Any CPU.ActiveCfg = Release|Any CPU
		{7989D921-F827-4BA8-98DE-510EFD6E1BB4}.Release|Any CPU.Build.0 = Release|Any CPU
		{5333BF84-48C2-49E9-8AA7-6524B5A1305F}.Debug|Any CPU.ActiveCfg = Debug|Any CPU
		{5333BF84-48C2-49E9-8AA7-6524B5A1305F}.Debug|Any CPU.Build.0 = Debug|Any CPU
		{5333BF84-48C2-49E9-8AA7-6524B5A1305F}.Release|Any CPU.ActiveCfg = Release|Any CPU
		{5333BF84-48C2-49E9-8AA7-6524B5A1305F}.Release|Any CPU.Build.0 = Release|Any CPU
		{2A55AF89-A799-45E8-9936-16C585334C28}.Debug|Any CPU.ActiveCfg = Debug|Any CPU
		{2A55AF89-A799-45E8-9936-16C585334C28}.Debug|Any CPU.Build.0 = Debug|Any CPU
		{2A55AF89-A799-45E8-9936-16C585334C28}.Release|Any CPU.ActiveCfg = Release|Any CPU
		{2A55AF89-A799-45E8-9936-16C585334C28}.Release|Any CPU.Build.0 = Release|Any CPU
		{FDC09018-93CF-4D34-9EF3-E1D917D00593}.Debug|Any CPU.ActiveCfg = Debug|Any CPU
		{FDC09018-93CF-4D34-9EF3-E1D917D00593}.Debug|Any CPU.Build.0 = Debug|Any CPU
		{FDC09018-93CF-4D34-9EF3-E1D917D00593}.Release|Any CPU.ActiveCfg = Release|Any CPU
		{FDC09018-93CF-4D34-9EF3-E1D917D00593}.Release|Any CPU.Build.0 = Release|Any CPU
	EndGlobalSection
	GlobalSection(SolutionProperties) = preSolution
		HideSolutionNode = FALSE
	EndGlobalSection
	GlobalSection(ExtensibilityGlobals) = postSolution
		SolutionGuid = {4C003743-74C2-41CB-9C3D-44454F4D1970}
	EndGlobalSection
EndGlobal
