
Microsoft Visual Studio Solution File, Format Version 12.00
# Visual Studio Version 17
VisualStudioVersion = 17.12.35506.116 d17.12
MinimumVisualStudioVersion = 10.0.40219.1
Project("{FAE04EC0-301F-11D3-BF4B-00C04F79EFBC}") = "BoxOfT", "BoxOfT\BoxOfT.csproj", "{FFC1E97D-FE80-415D-A370-6679ED5FED4B}"
EndProject
Project("{FAE04EC0-301F-11D3-BF4B-00C04F79EFBC}") = "GenericArrayCreator", "GenericArrayCreator\GenericArrayCreator.csproj", "{DA3CF581-4DDF-4025-9C3C-1007F6E4BECB}"
EndProject
Project("{FAE04EC0-301F-11D3-BF4B-00C04F79EFBC}") = "GenericScale", "GenericScale\GenericScale.csproj", "{38924A02-5AE2-4A12-ABCC-DF4FD0404174}"
EndProject
Global
	GlobalSection(SolutionConfigurationPlatforms) = preSolution
		Debug|Any CPU = Debug|Any CPU
		Release|Any CPU = Release|Any CPU
	EndGlobalSection
	GlobalSection(ProjectConfigurationPlatforms) = postSolution
		{FFC1E97D-FE80-415D-A370-6679ED5FED4B}.Debug|Any CPU.ActiveCfg = Debug|Any CPU
		{FFC1E97D-FE80-415D-A370-6679ED5FED4B}.Debug|Any CPU.Build.0 = Debug|Any CPU
		{FFC1E97D-FE80-415D-A370-6679ED5FED4B}.Release|Any CPU.ActiveCfg = Release|Any CPU
		{FFC1E97D-FE80-415D-A370-6679ED5FED4B}.Release|Any CPU.Build.0 = Release|Any CPU
		{DA3CF581-4DDF-4025-9C3C-1007F6E4BECB}.Debug|Any CPU.ActiveCfg = Debug|Any CPU
		{DA3CF581-4DDF-4025-9C3C-1007F6E4BECB}.Debug|Any CPU.Build.0 = Debug|Any CPU
		{DA3CF581-4DDF-4025-9C3C-1007F6E4BECB}.Release|Any CPU.ActiveCfg = Release|Any CPU
		{DA3CF581-4DDF-4025-9C3C-1007F6E4BECB}.Release|Any CPU.Build.0 = Release|Any CPU
		{38924A02-5AE2-4A12-ABCC-DF4FD0404174}.Debug|Any CPU.ActiveCfg = Debug|Any CPU
		{38924A02-5AE2-4A12-ABCC-DF4FD0404174}.Debug|Any CPU.Build.0 = Debug|Any CPU
		{38924A02-5AE2-4A12-ABCC-DF4FD0404174}.Release|Any CPU.ActiveCfg = Release|Any CPU
		{38924A02-5AE2-4A12-ABCC-DF4FD0404174}.Release|Any CPU.Build.0 = Release|Any CPU
	EndGlobalSection
	GlobalSection(SolutionProperties) = preSolution
		HideSolutionNode = FALSE
	EndGlobalSection
EndGlobal
