
Microsoft Visual Studio Solution File, Format Version 12.00
# Visual Studio Version 17
VisualStudioVersion = 17.12.35506.116 d17.12
MinimumVisualStudioVersion = 10.0.40219.1
Project("{FAE04EC0-301F-11D3-BF4B-00C04F79EFBC}") = "Farm", "Farm\Farm.csproj", "{9271089C-F94C-457B-969D-B3B5CC3922F7}"
EndProject
Project("{FAE04EC0-301F-11D3-BF4B-00C04F79EFBC}") = "CustomRandomList", "CustomRandomList\CustomRandomList.csproj", "{D76C63E6-634C-405F-BE9D-31FA2F7C5105}"
EndProject
Project("{FAE04EC0-301F-11D3-BF4B-00C04F79EFBC}") = "CustomStack", "CustomStack\CustomStack.csproj", "{99311C12-C1F0-4E8B-BE2B-78EF871FBBEF}"
EndProject
Global
	GlobalSection(SolutionConfigurationPlatforms) = preSolution
		Debug|Any CPU = Debug|Any CPU
		Release|Any CPU = Release|Any CPU
	EndGlobalSection
	GlobalSection(ProjectConfigurationPlatforms) = postSolution
		{9271089C-F94C-457B-969D-B3B5CC3922F7}.Debug|Any CPU.ActiveCfg = Debug|Any CPU
		{9271089C-F94C-457B-969D-B3B5CC3922F7}.Debug|Any CPU.Build.0 = Debug|Any CPU
		{9271089C-F94C-457B-969D-B3B5CC3922F7}.Release|Any CPU.ActiveCfg = Release|Any CPU
		{9271089C-F94C-457B-969D-B3B5CC3922F7}.Release|Any CPU.Build.0 = Release|Any CPU
		{D76C63E6-634C-405F-BE9D-31FA2F7C5105}.Debug|Any CPU.ActiveCfg = Debug|Any CPU
		{D76C63E6-634C-405F-BE9D-31FA2F7C5105}.Debug|Any CPU.Build.0 = Debug|Any CPU
		{D76C63E6-634C-405F-BE9D-31FA2F7C5105}.Release|Any CPU.ActiveCfg = Release|Any CPU
		{D76C63E6-634C-405F-BE9D-31FA2F7C5105}.Release|Any CPU.Build.0 = Release|Any CPU
		{99311C12-C1F0-4E8B-BE2B-78EF871FBBEF}.Debug|Any CPU.ActiveCfg = Debug|Any CPU
		{99311C12-C1F0-4E8B-BE2B-78EF871FBBEF}.Debug|Any CPU.Build.0 = Debug|Any CPU
		{99311C12-C1F0-4E8B-BE2B-78EF871FBBEF}.Release|Any CPU.ActiveCfg = Release|Any CPU
		{99311C12-C1F0-4E8B-BE2B-78EF871FBBEF}.Release|Any CPU.Build.0 = Release|Any CPU
	EndGlobalSection
	GlobalSection(SolutionProperties) = preSolution
		HideSolutionNode = FALSE
	EndGlobalSection
EndGlobal
